
Microsoft Visual Studio Solution File, Format Version 12.00
# Visual Studio Version 17
VisualStudioVersion = 17.6.33723.286
MinimumVisualStudioVersion = 10.0.40219.1
Project("{FAE04EC0-301F-11D3-BF4B-00C04F79EFBC}") = "JesusPortilla", "JesusPortilla.csproj", "{61C38A0F-B862-498E-AEBF-1C6E09CFFE5C}"
EndProject
Global
	GlobalSection(SolutionConfigurationPlatforms) = preSolution
		Debug|Any CPU = Debug|Any CPU
		Release|Any CPU = Release|Any CPU
	EndGlobalSection
	GlobalSection(ProjectConfigurationPlatforms) = postSolution
		{61C38A0F-B862-498E-AEBF-1C6E09CFFE5C}.Debug|Any CPU.ActiveCfg = Debug|Any CPU
		{61C38A0F-B862-498E-AEBF-1C6E09CFFE5C}.Debug|Any CPU.Build.0 = Debug|Any CPU
		{61C38A0F-B862-498E-AEBF-1C6E09CFFE5C}.Release|Any CPU.ActiveCfg = Release|Any CPU
		{61C38A0F-B862-498E-AEBF-1C6E09CFFE5C}.Release|Any CPU.Build.0 = Release|Any CPU
	EndGlobalSection
	GlobalSection(SolutionProperties) = preSolution
		HideSolutionNode = FALSE
	EndGlobalSection
	GlobalSection(ExtensibilityGlobals) = postSolution
		SolutionGuid = {104B1CA1-F394-489C-9BE7-DFB4D25D06CB}
	EndGlobalSection
EndGlobal
